// !$*UTF8*$!
{
	archiveVersion = 1;
	classes = {
	};
	objectVersion = 56;
	objects = {

/* Begin PBXBuildFile section */
		AB0316712CCF93660064DD7A /* AppDelegate.swift in Sources */ = {isa = PBXBuildFile; fileRef = AB0316662CCF93660064DD7A /* AppDelegate.swift */; };
		AB0316722CCF93660064DD7A /* SceneDelegate.swift in Sources */ = {isa = PBXBuildFile; fileRef = AB0316672CCF93660064DD7A /* SceneDelegate.swift */; };
		AB0316732CCF93660064DD7A /* LiveImageViewController.swift in Sources */ = {isa = PBXBuildFile; fileRef = AB0316682CCF93660064DD7A /* LiveImageViewController.swift */; };
		AB0316742CCF93660064DD7A /* Assets.xcassets in Resources */ = {isa = PBXBuildFile; fileRef = AB03166A2CCF93660064DD7A /* Assets.xcassets */; };
		AB0316762CCF93660064DD7A /* LaunchScreen.storyboard in Resources */ = {isa = PBXBuildFile; fileRef = AB03166D2CCF93660064DD7A /* LaunchScreen.storyboard */; };
		AB03167A2CCF94B90064DD7A /* LiveImageRouter.swift in Sources */ = {isa = PBXBuildFile; fileRef = AB0316792CCF94B90064DD7A /* LiveImageRouter.swift */; };
		AB03167C2CCF98930064DD7A /* LiveImageView.swift in Sources */ = {isa = PBXBuildFile; fileRef = AB03167B2CCF98930064DD7A /* LiveImageView.swift */; };
		AB03167F2CCF98CC0064DD7A /* Colors.swift in Sources */ = {isa = PBXBuildFile; fileRef = AB03167E2CCF98CC0064DD7A /* Colors.swift */; };
		AB0316822CCF993C0064DD7A /* UIColor+Hex.swift in Sources */ = {isa = PBXBuildFile; fileRef = AB0316812CCF993C0064DD7A /* UIColor+Hex.swift */; };
		AB0316842CCF99790064DD7A /* Logger.swift in Sources */ = {isa = PBXBuildFile; fileRef = AB0316832CCF99790064DD7A /* Logger.swift */; };
		AB0316862CCFC4140064DD7A /* LiveImagePresenter.swift in Sources */ = {isa = PBXBuildFile; fileRef = AB0316852CCFC4140064DD7A /* LiveImagePresenter.swift */; };
		AB03168A2CCFCA940064DD7A /* ActionPanelView.swift in Sources */ = {isa = PBXBuildFile; fileRef = AB0316892CCFCA940064DD7A /* ActionPanelView.swift */; };
		AB03168D2CCFD0050064DD7A /* LiveImageAction.swift in Sources */ = {isa = PBXBuildFile; fileRef = AB03168C2CCFD0050064DD7A /* LiveImageAction.swift */; };
		AB03168F2CCFF3DB0064DD7A /* DrawPanelView.swift in Sources */ = {isa = PBXBuildFile; fileRef = AB03168E2CCFF3DB0064DD7A /* DrawPanelView.swift */; };
		AB0316912CCFF4590064DD7A /* DrawInstrument.swift in Sources */ = {isa = PBXBuildFile; fileRef = AB0316902CCFF4590064DD7A /* DrawInstrument.swift */; };
		AB0316932CCFF4F50064DD7A /* DrawColor.swift in Sources */ = {isa = PBXBuildFile; fileRef = AB0316922CCFF4F50064DD7A /* DrawColor.swift */; };
		AB0316952CCFF7310064DD7A /* DefaultImageButton.swift in Sources */ = {isa = PBXBuildFile; fileRef = AB0316942CCFF7310064DD7A /* DefaultImageButton.swift */; };
		AB0316972CCFFB620064DD7A /* UIView+addCSubview.swift in Sources */ = {isa = PBXBuildFile; fileRef = AB0316962CCFFB620064DD7A /* UIView+addCSubview.swift */; };
		AB03169A2CCFFCCC0064DD7A /* SelectedColorView.swift in Sources */ = {isa = PBXBuildFile; fileRef = AB0316992CCFFCCC0064DD7A /* SelectedColorView.swift */; };
		AB03169C2CCFFCDF0064DD7A /* InstrumentsView.swift in Sources */ = {isa = PBXBuildFile; fileRef = AB03169B2CCFFCDF0064DD7A /* InstrumentsView.swift */; };
		AB03169E2CD0951E0064DD7A /* CanvasView.swift in Sources */ = {isa = PBXBuildFile; fileRef = AB03169D2CD0951E0064DD7A /* CanvasView.swift */; };
		AB0316A02CD097A10064DD7A /* Canvas.swift in Sources */ = {isa = PBXBuildFile; fileRef = AB03169F2CD097A10064DD7A /* Canvas.swift */; };
		AB0316A22CD11D9C0064DD7A /* LiveImageFramesPanelView.swift in Sources */ = {isa = PBXBuildFile; fileRef = AB0316A12CD11D9C0064DD7A /* LiveImageFramesPanelView.swift */; };
		AB6487FE2CD2A286003DE70C /* CanvasSize.swift in Sources */ = {isa = PBXBuildFile; fileRef = AB6487FD2CD2A27C003DE70C /* CanvasSize.swift */; };
		AB6488002CD2ACC9003DE70C /* PlaySpeed.swift in Sources */ = {isa = PBXBuildFile; fileRef = AB6487FF2CD2ACC1003DE70C /* PlaySpeed.swift */; };
		AB89A7AA2CD60BD500D15380 /* ObjectPainter.swift in Sources */ = {isa = PBXBuildFile; fileRef = AB89A7A92CD60BD100D15380 /* ObjectPainter.swift */; };
		AB89A7AD2CD60E1100D15380 /* PencilPainter.swift in Sources */ = {isa = PBXBuildFile; fileRef = AB89A7AC2CD60E0600D15380 /* PencilPainter.swift */; };
		AB89A7B02CD612AB00D15380 /* Painter+Support.swift in Sources */ = {isa = PBXBuildFile; fileRef = AB89A7AF2CD612A500D15380 /* Painter+Support.swift */; };
		AB89A7B22CD6157400D15380 /* BrushPainter.swift in Sources */ = {isa = PBXBuildFile; fileRef = AB89A7B12CD6157000D15380 /* BrushPainter.swift */; };
		AB89A7B42CD616B800D15380 /* ErasePainter.swift in Sources */ = {isa = PBXBuildFile; fileRef = AB89A7B32CD616B000D15380 /* ErasePainter.swift */; };
		AB89A7B62CD61B7500D15380 /* RectanglePainter.swift in Sources */ = {isa = PBXBuildFile; fileRef = AB89A7B52CD61B7000D15380 /* RectanglePainter.swift */; };
		AB89A7B82CD61CD300D15380 /* CirclePainter.swift in Sources */ = {isa = PBXBuildFile; fileRef = AB89A7B72CD61CCF00D15380 /* CirclePainter.swift */; };
		AB89A7BA2CD61D1600D15380 /* TrianglePainter.swift in Sources */ = {isa = PBXBuildFile; fileRef = AB89A7B92CD61D0B00D15380 /* TrianglePainter.swift */; };
		AB89A7BC2CD61D5800D15380 /* ArrowPainter.swift in Sources */ = {isa = PBXBuildFile; fileRef = AB89A7BB2CD61D5400D15380 /* ArrowPainter.swift */; };
		AB89A7BE2CD6227700D15380 /* EditableFigurePainter.swift in Sources */ = {isa = PBXBuildFile; fileRef = AB89A7BD2CD6227200D15380 /* EditableFigurePainter.swift */; };
		ABA629512CD3DAEF006AFDCB /* LiveImageShareGifPresenter.swift in Sources */ = {isa = PBXBuildFile; fileRef = ABA629502CD3DAD9006AFDCB /* LiveImageShareGifPresenter.swift */; };
		ABA629552CD4965E006AFDCB /* LiveImageColorPickerPresenter.swift in Sources */ = {isa = PBXBuildFile; fileRef = ABA629542CD49652006AFDCB /* LiveImageColorPickerPresenter.swift */; };
		ABAD64352CD1F8C400A6BB9E /* RecordFrameCell.swift in Sources */ = {isa = PBXBuildFile; fileRef = ABAD64342CD1F8C400A6BB9E /* RecordFrameCell.swift */; };
		ABAD64372CD1F90C00A6BB9E /* FramesCollectionView.swift in Sources */ = {isa = PBXBuildFile; fileRef = ABAD64362CD1F90C00A6BB9E /* FramesCollectionView.swift */; };
		ABBE1B962CD15CE500D20F80 /* CustomIntensityVisualEffectView.swift in Sources */ = {isa = PBXBuildFile; fileRef = ABBE1B952CD15CE500D20F80 /* CustomIntensityVisualEffectView.swift */; };
		ABEA0FBC2CD1FB6300454EEC /* AddFrameCell.swift in Sources */ = {isa = PBXBuildFile; fileRef = ABEA0FBB2CD1FB6300454EEC /* AddFrameCell.swift */; };
		ABEA0FBE2CD1FC9300454EEC /* GenerateFrameCell.swift in Sources */ = {isa = PBXBuildFile; fileRef = ABEA0FBD2CD1FC9300454EEC /* GenerateFrameCell.swift */; };
		ABEA0FC02CD2260900454EEC /* LiveImageGeneratorPresenter.swift in Sources */ = {isa = PBXBuildFile; fileRef = ABEA0FBF2CD2260900454EEC /* LiveImageGeneratorPresenter.swift */; };
/* End PBXBuildFile section */

/* Begin PBXFileReference section */
		AB03164F2CCF8F380064DD7A /* LiveImage.app */ = {isa = PBXFileReference; explicitFileType = wrapper.application; includeInIndex = 0; path = LiveImage.app; sourceTree = BUILT_PRODUCTS_DIR; };
		AB0316662CCF93660064DD7A /* AppDelegate.swift */ = {isa = PBXFileReference; fileEncoding = 4; lastKnownFileType = sourcecode.swift; path = AppDelegate.swift; sourceTree = "<group>"; };
		AB0316672CCF93660064DD7A /* SceneDelegate.swift */ = {isa = PBXFileReference; fileEncoding = 4; lastKnownFileType = sourcecode.swift; path = SceneDelegate.swift; sourceTree = "<group>"; };
		AB0316682CCF93660064DD7A /* LiveImageViewController.swift */ = {isa = PBXFileReference; fileEncoding = 4; lastKnownFileType = sourcecode.swift; path = LiveImageViewController.swift; sourceTree = "<group>"; };
		AB03166A2CCF93660064DD7A /* Assets.xcassets */ = {isa = PBXFileReference; lastKnownFileType = folder.assetcatalog; path = Assets.xcassets; sourceTree = "<group>"; };
		AB03166B2CCF93660064DD7A /* Info.plist */ = {isa = PBXFileReference; fileEncoding = 4; lastKnownFileType = text.plist.xml; path = Info.plist; sourceTree = "<group>"; };
		AB03166C2CCF93660064DD7A /* Base */ = {isa = PBXFileReference; lastKnownFileType = file.storyboard; name = Base; path = Base.lproj/LaunchScreen.storyboard; sourceTree = "<group>"; };
		AB0316792CCF94B90064DD7A /* LiveImageRouter.swift */ = {isa = PBXFileReference; lastKnownFileType = sourcecode.swift; path = LiveImageRouter.swift; sourceTree = "<group>"; };
		AB03167B2CCF98930064DD7A /* LiveImageView.swift */ = {isa = PBXFileReference; lastKnownFileType = sourcecode.swift; path = LiveImageView.swift; sourceTree = "<group>"; };
		AB03167E2CCF98CC0064DD7A /* Colors.swift */ = {isa = PBXFileReference; lastKnownFileType = sourcecode.swift; path = Colors.swift; sourceTree = "<group>"; };
		AB0316812CCF993C0064DD7A /* UIColor+Hex.swift */ = {isa = PBXFileReference; lastKnownFileType = sourcecode.swift; path = "UIColor+Hex.swift"; sourceTree = "<group>"; };
		AB0316832CCF99790064DD7A /* Logger.swift */ = {isa = PBXFileReference; lastKnownFileType = sourcecode.swift; path = Logger.swift; sourceTree = "<group>"; };
		AB0316852CCFC4140064DD7A /* LiveImagePresenter.swift */ = {isa = PBXFileReference; lastKnownFileType = sourcecode.swift; path = LiveImagePresenter.swift; sourceTree = "<group>"; };
		AB0316882CCFCA6D0064DD7A /* README.md */ = {isa = PBXFileReference; lastKnownFileType = net.daringfireball.markdown; path = README.md; sourceTree = "<group>"; };
		AB0316892CCFCA940064DD7A /* ActionPanelView.swift */ = {isa = PBXFileReference; lastKnownFileType = sourcecode.swift; path = ActionPanelView.swift; sourceTree = "<group>"; };
		AB03168C2CCFD0050064DD7A /* LiveImageAction.swift */ = {isa = PBXFileReference; lastKnownFileType = sourcecode.swift; path = LiveImageAction.swift; sourceTree = "<group>"; };
		AB03168E2CCFF3DB0064DD7A /* DrawPanelView.swift */ = {isa = PBXFileReference; lastKnownFileType = sourcecode.swift; path = DrawPanelView.swift; sourceTree = "<group>"; };
		AB0316902CCFF4590064DD7A /* DrawInstrument.swift */ = {isa = PBXFileReference; lastKnownFileType = sourcecode.swift; path = DrawInstrument.swift; sourceTree = "<group>"; };
		AB0316922CCFF4F50064DD7A /* DrawColor.swift */ = {isa = PBXFileReference; lastKnownFileType = sourcecode.swift; path = DrawColor.swift; sourceTree = "<group>"; };
		AB0316942CCFF7310064DD7A /* DefaultImageButton.swift */ = {isa = PBXFileReference; lastKnownFileType = sourcecode.swift; path = DefaultImageButton.swift; sourceTree = "<group>"; };
		AB0316962CCFFB620064DD7A /* UIView+addCSubview.swift */ = {isa = PBXFileReference; lastKnownFileType = sourcecode.swift; path = "UIView+addCSubview.swift"; sourceTree = "<group>"; };
		AB0316992CCFFCCC0064DD7A /* SelectedColorView.swift */ = {isa = PBXFileReference; lastKnownFileType = sourcecode.swift; path = SelectedColorView.swift; sourceTree = "<group>"; };
		AB03169B2CCFFCDF0064DD7A /* InstrumentsView.swift */ = {isa = PBXFileReference; lastKnownFileType = sourcecode.swift; path = InstrumentsView.swift; sourceTree = "<group>"; };
		AB03169D2CD0951E0064DD7A /* CanvasView.swift */ = {isa = PBXFileReference; lastKnownFileType = sourcecode.swift; path = CanvasView.swift; sourceTree = "<group>"; };
		AB03169F2CD097A10064DD7A /* Canvas.swift */ = {isa = PBXFileReference; lastKnownFileType = sourcecode.swift; path = Canvas.swift; sourceTree = "<group>"; };
		AB0316A12CD11D9C0064DD7A /* LiveImageFramesPanelView.swift */ = {isa = PBXFileReference; lastKnownFileType = sourcecode.swift; path = LiveImageFramesPanelView.swift; sourceTree = "<group>"; };
		AB6487FD2CD2A27C003DE70C /* CanvasSize.swift */ = {isa = PBXFileReference; lastKnownFileType = sourcecode.swift; path = CanvasSize.swift; sourceTree = "<group>"; };
		AB6487FF2CD2ACC1003DE70C /* PlaySpeed.swift */ = {isa = PBXFileReference; lastKnownFileType = sourcecode.swift; path = PlaySpeed.swift; sourceTree = "<group>"; };
		AB89A7A92CD60BD100D15380 /* ObjectPainter.swift */ = {isa = PBXFileReference; lastKnownFileType = sourcecode.swift; path = ObjectPainter.swift; sourceTree = "<group>"; };
		AB89A7AC2CD60E0600D15380 /* PencilPainter.swift */ = {isa = PBXFileReference; lastKnownFileType = sourcecode.swift; path = PencilPainter.swift; sourceTree = "<group>"; };
		AB89A7AF2CD612A500D15380 /* Painter+Support.swift */ = {isa = PBXFileReference; lastKnownFileType = sourcecode.swift; path = "Painter+Support.swift"; sourceTree = "<group>"; };
		AB89A7B12CD6157000D15380 /* BrushPainter.swift */ = {isa = PBXFileReference; lastKnownFileType = sourcecode.swift; path = BrushPainter.swift; sourceTree = "<group>"; };
		AB89A7B32CD616B000D15380 /* ErasePainter.swift */ = {isa = PBXFileReference; lastKnownFileType = sourcecode.swift; path = ErasePainter.swift; sourceTree = "<group>"; };
		AB89A7B52CD61B7000D15380 /* RectanglePainter.swift */ = {isa = PBXFileReference; lastKnownFileType = sourcecode.swift; path = RectanglePainter.swift; sourceTree = "<group>"; };
		AB89A7B72CD61CCF00D15380 /* CirclePainter.swift */ = {isa = PBXFileReference; lastKnownFileType = sourcecode.swift; path = CirclePainter.swift; sourceTree = "<group>"; };
		AB89A7B92CD61D0B00D15380 /* TrianglePainter.swift */ = {isa = PBXFileReference; lastKnownFileType = sourcecode.swift; path = TrianglePainter.swift; sourceTree = "<group>"; };
		AB89A7BB2CD61D5400D15380 /* ArrowPainter.swift */ = {isa = PBXFileReference; lastKnownFileType = sourcecode.swift; path = ArrowPainter.swift; sourceTree = "<group>"; };
		AB89A7BD2CD6227200D15380 /* EditableFigurePainter.swift */ = {isa = PBXFileReference; lastKnownFileType = sourcecode.swift; path = EditableFigurePainter.swift; sourceTree = "<group>"; };
		ABA629502CD3DAD9006AFDCB /* LiveImageShareGifPresenter.swift */ = {isa = PBXFileReference; lastKnownFileType = sourcecode.swift; path = LiveImageShareGifPresenter.swift; sourceTree = "<group>"; };
		ABA629542CD49652006AFDCB /* LiveImageColorPickerPresenter.swift */ = {isa = PBXFileReference; lastKnownFileType = sourcecode.swift; path = LiveImageColorPickerPresenter.swift; sourceTree = "<group>"; };
		ABAD64342CD1F8C400A6BB9E /* RecordFrameCell.swift */ = {isa = PBXFileReference; lastKnownFileType = sourcecode.swift; path = RecordFrameCell.swift; sourceTree = "<group>"; };
		ABAD64362CD1F90C00A6BB9E /* FramesCollectionView.swift */ = {isa = PBXFileReference; lastKnownFileType = sourcecode.swift; path = FramesCollectionView.swift; sourceTree = "<group>"; };
		ABBE1B952CD15CE500D20F80 /* CustomIntensityVisualEffectView.swift */ = {isa = PBXFileReference; lastKnownFileType = sourcecode.swift; path = CustomIntensityVisualEffectView.swift; sourceTree = "<group>"; };
		ABEA0FBB2CD1FB6300454EEC /* AddFrameCell.swift */ = {isa = PBXFileReference; lastKnownFileType = sourcecode.swift; path = AddFrameCell.swift; sourceTree = "<group>"; };
		ABEA0FBD2CD1FC9300454EEC /* GenerateFrameCell.swift */ = {isa = PBXFileReference; lastKnownFileType = sourcecode.swift; path = GenerateFrameCell.swift; sourceTree = "<group>"; };
		ABEA0FBF2CD2260900454EEC /* LiveImageGeneratorPresenter.swift */ = {isa = PBXFileReference; lastKnownFileType = sourcecode.swift; path = LiveImageGeneratorPresenter.swift; sourceTree = "<group>"; };
/* End PBXFileReference section */

/* Begin PBXFrameworksBuildPhase section */
		AB03164C2CCF8F380064DD7A /* Frameworks */ = {
			isa = PBXFrameworksBuildPhase;
			buildActionMask = 2147483647;
			files = (
			);
			runOnlyForDeploymentPostprocessing = 0;
		};
/* End PBXFrameworksBuildPhase section */

/* Begin PBXGroup section */
		AB0316462CCF8F380064DD7A = {
			isa = PBXGroup;
			children = (
				AB0316882CCFCA6D0064DD7A /* README.md */,
				AB0316692CCF93660064DD7A /* Source */,
				AB0316702CCF93660064DD7A /* Resources */,
				AB0316502CCF8F380064DD7A /* Products */,
			);
			sourceTree = "<group>";
		};
		AB0316502CCF8F380064DD7A /* Products */ = {
			isa = PBXGroup;
			children = (
				AB03164F2CCF8F380064DD7A /* LiveImage.app */,
			);
			name = Products;
			sourceTree = "<group>";
		};
		AB0316692CCF93660064DD7A /* Source */ = {
			isa = PBXGroup;
			children = (
				AB0316802CCF99110064DD7A /* Common */,
				AB03167D2CCF98B50064DD7A /* Style */,
				AB0316782CCF94960064DD7A /* LiveImageScreen */,
				AB0316662CCF93660064DD7A /* AppDelegate.swift */,
				AB0316672CCF93660064DD7A /* SceneDelegate.swift */,
			);
			path = Source;
			sourceTree = "<group>";
		};
		AB0316702CCF93660064DD7A /* Resources */ = {
			isa = PBXGroup;
			children = (
				AB03166A2CCF93660064DD7A /* Assets.xcassets */,
				AB03166B2CCF93660064DD7A /* Info.plist */,
				AB03166D2CCF93660064DD7A /* LaunchScreen.storyboard */,
			);
			path = Resources;
			sourceTree = "<group>";
		};
		AB0316782CCF94960064DD7A /* LiveImageScreen */ = {
			isa = PBXGroup;
			children = (
				ABA629532CD3E0F8006AFDCB /* support */,
				AB03168B2CCFCFF20064DD7A /* viewModels */,
				AB0316872CCFCA3B0064DD7A /* views */,
				AB0316792CCF94B90064DD7A /* LiveImageRouter.swift */,
				AB0316852CCFC4140064DD7A /* LiveImagePresenter.swift */,
			);
			path = LiveImageScreen;
			sourceTree = "<group>";
		};
		AB03167D2CCF98B50064DD7A /* Style */ = {
			isa = PBXGroup;
			children = (
				AB03167E2CCF98CC0064DD7A /* Colors.swift */,
			);
			path = Style;
			sourceTree = "<group>";
		};
		AB0316802CCF99110064DD7A /* Common */ = {
			isa = PBXGroup;
			children = (
				AB0316812CCF993C0064DD7A /* UIColor+Hex.swift */,
				AB0316832CCF99790064DD7A /* Logger.swift */,
				AB0316942CCFF7310064DD7A /* DefaultImageButton.swift */,
				AB0316962CCFFB620064DD7A /* UIView+addCSubview.swift */,
				ABBE1B952CD15CE500D20F80 /* CustomIntensityVisualEffectView.swift */,
			);
			path = Common;
			sourceTree = "<group>";
		};
		AB0316872CCFCA3B0064DD7A /* views */ = {
			isa = PBXGroup;
			children = (
				ABAD64332CD1F8B400A6BB9E /* framesPanel */,
				AB0316982CCFFCBC0064DD7A /* drawPanel */,
				AB0316682CCF93660064DD7A /* LiveImageViewController.swift */,
				AB03167B2CCF98930064DD7A /* LiveImageView.swift */,
				AB0316892CCFCA940064DD7A /* ActionPanelView.swift */,
				AB03169D2CD0951E0064DD7A /* CanvasView.swift */,
			);
			path = views;
			sourceTree = "<group>";
		};
		AB03168B2CCFCFF20064DD7A /* viewModels */ = {
			isa = PBXGroup;
			children = (
				AB89A7AB2CD60C5F00D15380 /* figures */,
				AB6487FF2CD2ACC1003DE70C /* PlaySpeed.swift */,
				AB6487FD2CD2A27C003DE70C /* CanvasSize.swift */,
				AB03168C2CCFD0050064DD7A /* LiveImageAction.swift */,
				AB0316902CCFF4590064DD7A /* DrawInstrument.swift */,
				AB0316922CCFF4F50064DD7A /* DrawColor.swift */,
				AB03169F2CD097A10064DD7A /* Canvas.swift */,
			);
			path = viewModels;
			sourceTree = "<group>";
		};
		AB0316982CCFFCBC0064DD7A /* drawPanel */ = {
			isa = PBXGroup;
			children = (
				AB03168E2CCFF3DB0064DD7A /* DrawPanelView.swift */,
				AB0316992CCFFCCC0064DD7A /* SelectedColorView.swift */,
				AB03169B2CCFFCDF0064DD7A /* InstrumentsView.swift */,
			);
			path = drawPanel;
			sourceTree = "<group>";
		};
		AB89A7AB2CD60C5F00D15380 /* figures */ = {
			isa = PBXGroup;
			children = (
				AB89A7BD2CD6227200D15380 /* EditableFigurePainter.swift */,
				AB89A7BB2CD61D5400D15380 /* ArrowPainter.swift */,
				AB89A7B92CD61D0B00D15380 /* TrianglePainter.swift */,
				AB89A7B72CD61CCF00D15380 /* CirclePainter.swift */,
				AB89A7B52CD61B7000D15380 /* RectanglePainter.swift */,
				AB89A7B32CD616B000D15380 /* ErasePainter.swift */,
				AB89A7B12CD6157000D15380 /* BrushPainter.swift */,
				AB89A7AF2CD612A500D15380 /* Painter+Support.swift */,
				AB89A7AC2CD60E0600D15380 /* PencilPainter.swift */,
				AB89A7A92CD60BD100D15380 /* ObjectPainter.swift */,
			);
			path = figures;
			sourceTree = "<group>";
		};
		ABA629532CD3E0F8006AFDCB /* support */ = {
			isa = PBXGroup;
			children = (
				ABA629542CD49652006AFDCB /* LiveImageColorPickerPresenter.swift */,
				ABA629502CD3DAD9006AFDCB /* LiveImageShareGifPresenter.swift */,
				ABEA0FBF2CD2260900454EEC /* LiveImageGeneratorPresenter.swift */,
			);
			path = support;
			sourceTree = "<group>";
		};
		ABAD64332CD1F8B400A6BB9E /* framesPanel */ = {
			isa = PBXGroup;
			children = (
				AB0316A12CD11D9C0064DD7A /* LiveImageFramesPanelView.swift */,
				ABAD64342CD1F8C400A6BB9E /* RecordFrameCell.swift */,
				ABAD64362CD1F90C00A6BB9E /* FramesCollectionView.swift */,
				ABEA0FBB2CD1FB6300454EEC /* AddFrameCell.swift */,
				ABEA0FBD2CD1FC9300454EEC /* GenerateFrameCell.swift */,
			);
			path = framesPanel;
			sourceTree = "<group>";
		};
/* End PBXGroup section */

/* Begin PBXNativeTarget section */
		AB03164E2CCF8F380064DD7A /* LiveImage */ = {
			isa = PBXNativeTarget;
			buildConfigurationList = AB0316632CCF8F3A0064DD7A /* Build configuration list for PBXNativeTarget "LiveImage" */;
			buildPhases = (
				AB03164B2CCF8F380064DD7A /* Sources */,
				AB03164C2CCF8F380064DD7A /* Frameworks */,
				AB03164D2CCF8F380064DD7A /* Resources */,
			);
			buildRules = (
			);
			dependencies = (
			);
			name = LiveImage;
			productName = LiveImage;
			productReference = AB03164F2CCF8F380064DD7A /* LiveImage.app */;
			productType = "com.apple.product-type.application";
		};
/* End PBXNativeTarget section */

/* Begin PBXProject section */
		AB0316472CCF8F380064DD7A /* Project object */ = {
			isa = PBXProject;
			attributes = {
				BuildIndependentTargetsInParallel = 1;
				LastSwiftUpdateCheck = 1540;
				LastUpgradeCheck = 1540;
				TargetAttributes = {
					AB03164E2CCF8F380064DD7A = {
						CreatedOnToolsVersion = 15.4;
					};
				};
			};
			buildConfigurationList = AB03164A2CCF8F380064DD7A /* Build configuration list for PBXProject "LiveImage" */;
			compatibilityVersion = "Xcode 14.0";
			developmentRegion = en;
			hasScannedForEncodings = 0;
			knownRegions = (
				en,
				Base,
			);
			mainGroup = AB0316462CCF8F380064DD7A;
			productRefGroup = AB0316502CCF8F380064DD7A /* Products */;
			projectDirPath = "";
			projectRoot = "";
			targets = (
				AB03164E2CCF8F380064DD7A /* LiveImage */,
			);
		};
/* End PBXProject section */

/* Begin PBXResourcesBuildPhase section */
		AB03164D2CCF8F380064DD7A /* Resources */ = {
			isa = PBXResourcesBuildPhase;
			buildActionMask = 2147483647;
			files = (
				AB0316762CCF93660064DD7A /* LaunchScreen.storyboard in Resources */,
				AB0316742CCF93660064DD7A /* Assets.xcassets in Resources */,
			);
			runOnlyForDeploymentPostprocessing = 0;
		};
/* End PBXResourcesBuildPhase section */

/* Begin PBXSourcesBuildPhase section */
		AB03164B2CCF8F380064DD7A /* Sources */ = {
			isa = PBXSourcesBuildPhase;
			buildActionMask = 2147483647;
			files = (
				AB03169E2CD0951E0064DD7A /* CanvasView.swift in Sources */,
				AB0316822CCF993C0064DD7A /* UIColor+Hex.swift in Sources */,
				AB03168F2CCFF3DB0064DD7A /* DrawPanelView.swift in Sources */,
				AB89A7BC2CD61D5800D15380 /* ArrowPainter.swift in Sources */,
				ABBE1B962CD15CE500D20F80 /* CustomIntensityVisualEffectView.swift in Sources */,
				ABEA0FBE2CD1FC9300454EEC /* GenerateFrameCell.swift in Sources */,
				ABAD64372CD1F90C00A6BB9E /* FramesCollectionView.swift in Sources */,
				ABEA0FC02CD2260900454EEC /* LiveImageGeneratorPresenter.swift in Sources */,
				AB0316A02CD097A10064DD7A /* Canvas.swift in Sources */,
				AB03167C2CCF98930064DD7A /* LiveImageView.swift in Sources */,
				AB89A7AA2CD60BD500D15380 /* ObjectPainter.swift in Sources */,
				AB03167F2CCF98CC0064DD7A /* Colors.swift in Sources */,
				AB03168A2CCFCA940064DD7A /* ActionPanelView.swift in Sources */,
				AB0316932CCFF4F50064DD7A /* DrawColor.swift in Sources */,
				AB03167A2CCF94B90064DD7A /* LiveImageRouter.swift in Sources */,
				AB89A7BE2CD6227700D15380 /* EditableFigurePainter.swift in Sources */,
				AB03168D2CCFD0050064DD7A /* LiveImageAction.swift in Sources */,
				AB89A7B22CD6157400D15380 /* BrushPainter.swift in Sources */,
				AB0316972CCFFB620064DD7A /* UIView+addCSubview.swift in Sources */,
				AB03169A2CCFFCCC0064DD7A /* SelectedColorView.swift in Sources */,
				AB6488002CD2ACC9003DE70C /* PlaySpeed.swift in Sources */,
				AB0316862CCFC4140064DD7A /* LiveImagePresenter.swift in Sources */,
				AB0316A22CD11D9C0064DD7A /* LiveImageFramesPanelView.swift in Sources */,
				AB89A7BA2CD61D1600D15380 /* TrianglePainter.swift in Sources */,
				AB89A7B62CD61B7500D15380 /* RectanglePainter.swift in Sources */,
				AB0316732CCF93660064DD7A /* LiveImageViewController.swift in Sources */,
				ABAD64352CD1F8C400A6BB9E /* RecordFrameCell.swift in Sources */,
				ABA629512CD3DAEF006AFDCB /* LiveImageShareGifPresenter.swift in Sources */,
				AB89A7B82CD61CD300D15380 /* CirclePainter.swift in Sources */,
				ABEA0FBC2CD1FB6300454EEC /* AddFrameCell.swift in Sources */,
				AB89A7AD2CD60E1100D15380 /* PencilPainter.swift in Sources */,
				AB0316842CCF99790064DD7A /* Logger.swift in Sources */,
				AB6487FE2CD2A286003DE70C /* CanvasSize.swift in Sources */,
				AB89A7B02CD612AB00D15380 /* Painter+Support.swift in Sources */,
				ABA629552CD4965E006AFDCB /* LiveImageColorPickerPresenter.swift in Sources */,
				AB03169C2CCFFCDF0064DD7A /* InstrumentsView.swift in Sources */,
				AB0316952CCFF7310064DD7A /* DefaultImageButton.swift in Sources */,
				AB0316712CCF93660064DD7A /* AppDelegate.swift in Sources */,
				AB0316722CCF93660064DD7A /* SceneDelegate.swift in Sources */,
				AB89A7B42CD616B800D15380 /* ErasePainter.swift in Sources */,
				AB0316912CCFF4590064DD7A /* DrawInstrument.swift in Sources */,
			);
			runOnlyForDeploymentPostprocessing = 0;
		};
/* End PBXSourcesBuildPhase section */

/* Begin PBXVariantGroup section */
		AB03166D2CCF93660064DD7A /* LaunchScreen.storyboard */ = {
			isa = PBXVariantGroup;
			children = (
				AB03166C2CCF93660064DD7A /* Base */,
			);
			name = LaunchScreen.storyboard;
			sourceTree = "<group>";
		};
/* End PBXVariantGroup section */

/* Begin XCBuildConfiguration section */
		AB0316612CCF8F3A0064DD7A /* Debug */ = {
			isa = XCBuildConfiguration;
			buildSettings = {
				ALWAYS_SEARCH_USER_PATHS = NO;
				ASSETCATALOG_COMPILER_GENERATE_SWIFT_ASSET_SYMBOL_EXTENSIONS = YES;
				CLANG_ANALYZER_NONNULL = YES;
				CLANG_ANALYZER_NUMBER_OBJECT_CONVERSION = YES_AGGRESSIVE;
				CLANG_CXX_LANGUAGE_STANDARD = "gnu++20";
				CLANG_ENABLE_MODULES = YES;
				CLANG_ENABLE_OBJC_ARC = YES;
				CLANG_ENABLE_OBJC_WEAK = YES;
				CLANG_WARN_BLOCK_CAPTURE_AUTORELEASING = YES;
				CLANG_WARN_BOOL_CONVERSION = YES;
				CLANG_WARN_COMMA = YES;
				CLANG_WARN_CONSTANT_CONVERSION = YES;
				CLANG_WARN_DEPRECATED_OBJC_IMPLEMENTATIONS = YES;
				CLANG_WARN_DIRECT_OBJC_ISA_USAGE = YES_ERROR;
				CLANG_WARN_DOCUMENTATION_COMMENTS = YES;
				CLANG_WARN_EMPTY_BODY = YES;
				CLANG_WARN_ENUM_CONVERSION = YES;
				CLANG_WARN_INFINITE_RECURSION = YES;
				CLANG_WARN_INT_CONVERSION = YES;
				CLANG_WARN_NON_LITERAL_NULL_CONVERSION = YES;
				CLANG_WARN_OBJC_IMPLICIT_RETAIN_SELF = YES;
				CLANG_WARN_OBJC_LITERAL_CONVERSION = YES;
				CLANG_WARN_OBJC_ROOT_CLASS = YES_ERROR;
				CLANG_WARN_QUOTED_INCLUDE_IN_FRAMEWORK_HEADER = YES;
				CLANG_WARN_RANGE_LOOP_ANALYSIS = YES;
				CLANG_WARN_STRICT_PROTOTYPES = YES;
				CLANG_WARN_SUSPICIOUS_MOVE = YES;
				CLANG_WARN_UNGUARDED_AVAILABILITY = YES_AGGRESSIVE;
				CLANG_WARN_UNREACHABLE_CODE = YES;
				CLANG_WARN__DUPLICATE_METHOD_MATCH = YES;
				COPY_PHASE_STRIP = NO;
				DEBUG_INFORMATION_FORMAT = dwarf;
				ENABLE_STRICT_OBJC_MSGSEND = YES;
				ENABLE_TESTABILITY = YES;
				ENABLE_USER_SCRIPT_SANDBOXING = YES;
				GCC_C_LANGUAGE_STANDARD = gnu17;
				GCC_DYNAMIC_NO_PIC = NO;
				GCC_NO_COMMON_BLOCKS = YES;
				GCC_OPTIMIZATION_LEVEL = 0;
				GCC_PREPROCESSOR_DEFINITIONS = (
					"DEBUG=1",
					"$(inherited)",
				);
				GCC_WARN_64_TO_32_BIT_CONVERSION = YES;
				GCC_WARN_ABOUT_RETURN_TYPE = YES_ERROR;
				GCC_WARN_UNDECLARED_SELECTOR = YES;
				GCC_WARN_UNINITIALIZED_AUTOS = YES_AGGRESSIVE;
				GCC_WARN_UNUSED_FUNCTION = YES;
				GCC_WARN_UNUSED_VARIABLE = YES;
				IPHONEOS_DEPLOYMENT_TARGET = 17.5;
				LOCALIZATION_PREFERS_STRING_CATALOGS = YES;
				MTL_ENABLE_DEBUG_INFO = INCLUDE_SOURCE;
				MTL_FAST_MATH = YES;
				ONLY_ACTIVE_ARCH = YES;
				SDKROOT = iphoneos;
				SWIFT_ACTIVE_COMPILATION_CONDITIONS = "DEBUG $(inherited)";
				SWIFT_OPTIMIZATION_LEVEL = "-Onone";
			};
			name = Debug;
		};
		AB0316622CCF8F3A0064DD7A /* Release */ = {
			isa = XCBuildConfiguration;
			buildSettings = {
				ALWAYS_SEARCH_USER_PATHS = NO;
				ASSETCATALOG_COMPILER_GENERATE_SWIFT_ASSET_SYMBOL_EXTENSIONS = YES;
				CLANG_ANALYZER_NONNULL = YES;
				CLANG_ANALYZER_NUMBER_OBJECT_CONVERSION = YES_AGGRESSIVE;
				CLANG_CXX_LANGUAGE_STANDARD = "gnu++20";
				CLANG_ENABLE_MODULES = YES;
				CLANG_ENABLE_OBJC_ARC = YES;
				CLANG_ENABLE_OBJC_WEAK = YES;
				CLANG_WARN_BLOCK_CAPTURE_AUTORELEASING = YES;
				CLANG_WARN_BOOL_CONVERSION = YES;
				CLANG_WARN_COMMA = YES;
				CLANG_WARN_CONSTANT_CONVERSION = YES;
				CLANG_WARN_DEPRECATED_OBJC_IMPLEMENTATIONS = YES;
				CLANG_WARN_DIRECT_OBJC_ISA_USAGE = YES_ERROR;
				CLANG_WARN_DOCUMENTATION_COMMENTS = YES;
				CLANG_WARN_EMPTY_BODY = YES;
				CLANG_WARN_ENUM_CONVERSION = YES;
				CLANG_WARN_INFINITE_RECURSION = YES;
				CLANG_WARN_INT_CONVERSION = YES;
				CLANG_WARN_NON_LITERAL_NULL_CONVERSION = YES;
				CLANG_WARN_OBJC_IMPLICIT_RETAIN_SELF = YES;
				CLANG_WARN_OBJC_LITERAL_CONVERSION = YES;
				CLANG_WARN_OBJC_ROOT_CLASS = YES_ERROR;
				CLANG_WARN_QUOTED_INCLUDE_IN_FRAMEWORK_HEADER = YES;
				CLANG_WARN_RANGE_LOOP_ANALYSIS = YES;
				CLANG_WARN_STRICT_PROTOTYPES = YES;
				CLANG_WARN_SUSPICIOUS_MOVE = YES;
				CLANG_WARN_UNGUARDED_AVAILABILITY = YES_AGGRESSIVE;
				CLANG_WARN_UNREACHABLE_CODE = YES;
				CLANG_WARN__DUPLICATE_METHOD_MATCH = YES;
				COPY_PHASE_STRIP = NO;
				DEBUG_INFORMATION_FORMAT = "dwarf-with-dsym";
				ENABLE_NS_ASSERTIONS = NO;
				ENABLE_STRICT_OBJC_MSGSEND = YES;
				ENABLE_USER_SCRIPT_SANDBOXING = YES;
				GCC_C_LANGUAGE_STANDARD = gnu17;
				GCC_NO_COMMON_BLOCKS = YES;
				GCC_WARN_64_TO_32_BIT_CONVERSION = YES;
				GCC_WARN_ABOUT_RETURN_TYPE = YES_ERROR;
				GCC_WARN_UNDECLARED_SELECTOR = YES;
				GCC_WARN_UNINITIALIZED_AUTOS = YES_AGGRESSIVE;
				GCC_WARN_UNUSED_FUNCTION = YES;
				GCC_WARN_UNUSED_VARIABLE = YES;
				IPHONEOS_DEPLOYMENT_TARGET = 17.5;
				LOCALIZATION_PREFERS_STRING_CATALOGS = YES;
				MTL_ENABLE_DEBUG_INFO = NO;
				MTL_FAST_MATH = YES;
				SDKROOT = iphoneos;
				SWIFT_COMPILATION_MODE = wholemodule;
				VALIDATE_PRODUCT = YES;
			};
			name = Release;
		};
		AB0316642CCF8F3A0064DD7A /* Debug */ = {
			isa = XCBuildConfiguration;
			buildSettings = {
				ASSETCATALOG_COMPILER_APPICON_NAME = AppIcon;
				ASSETCATALOG_COMPILER_GLOBAL_ACCENT_COLOR_NAME = AccentColor;
				CODE_SIGN_STYLE = Automatic;
				CURRENT_PROJECT_VERSION = 1;
				DEVELOPMENT_TEAM = TWQHTTDC48;
				GENERATE_INFOPLIST_FILE = YES;
				INFOPLIST_FILE = Resources/Info.plist;
				INFOPLIST_KEY_CFBundleDisplayName = LiveImage;
				INFOPLIST_KEY_UIApplicationSupportsIndirectInputEvents = YES;
				INFOPLIST_KEY_UILaunchStoryboardName = LaunchScreen;
				INFOPLIST_KEY_UISupportedInterfaceOrientations = UIInterfaceOrientationPortrait;
				INFOPLIST_KEY_UISupportedInterfaceOrientations_iPad = "UIInterfaceOrientationLandscapeLeft UIInterfaceOrientationLandscapeRight UIInterfaceOrientationPortrait UIInterfaceOrientationPortraitUpsideDown";
				IPHONEOS_DEPLOYMENT_TARGET = 17.0;
				LD_RUNPATH_SEARCH_PATHS = (
					"$(inherited)",
					"@executable_path/Frameworks",
				);
				MARKETING_VERSION = 1.0;
				PRODUCT_BUNDLE_IDENTIFIER = com.ivlevastef.LiveImage;
				PRODUCT_NAME = "$(TARGET_NAME)";
				SUPPORTED_PLATFORMS = "iphoneos iphonesimulator";
				SUPPORTS_MACCATALYST = NO;
				SUPPORTS_MAC_DESIGNED_FOR_IPHONE_IPAD = NO;
				SUPPORTS_XR_DESIGNED_FOR_IPHONE_IPAD = NO;
				SWIFT_EMIT_LOC_STRINGS = YES;
				SWIFT_VERSION = 5.0;
				TARGETED_DEVICE_FAMILY = 1;
			};
			name = Debug;
		};
		AB0316652CCF8F3A0064DD7A /* Release */ = {
			isa = XCBuildConfiguration;
			buildSettings = {
				ASSETCATALOG_COMPILER_APPICON_NAME = AppIcon;
				ASSETCATALOG_COMPILER_GLOBAL_ACCENT_COLOR_NAME = AccentColor;
				CODE_SIGN_STYLE = Automatic;
				CURRENT_PROJECT_VERSION = 1;
				DEVELOPMENT_TEAM = TWQHTTDC48;
				GENERATE_INFOPLIST_FILE = YES;
				INFOPLIST_FILE = Resources/Info.plist;
				INFOPLIST_KEY_CFBundleDisplayName = LiveImage;
				INFOPLIST_KEY_UIApplicationSupportsIndirectInputEvents = YES;
				INFOPLIST_KEY_UILaunchStoryboardName = LaunchScreen;
				INFOPLIST_KEY_UISupportedInterfaceOrientations = UIInterfaceOrientationPortrait;
				INFOPLIST_KEY_UISupportedInterfaceOrientations_iPad = "UIInterfaceOrientationLandscapeLeft UIInterfaceOrientationLandscapeRight UIInterfaceOrientationPortrait UIInterfaceOrientationPortraitUpsideDown";
				IPHONEOS_DEPLOYMENT_TARGET = 17.0;
				LD_RUNPATH_SEARCH_PATHS = (
					"$(inherited)",
					"@executable_path/Frameworks",
				);
				MARKETING_VERSION = 1.0;
				PRODUCT_BUNDLE_IDENTIFIER = com.ivlevastef.LiveImage;
				PRODUCT_NAME = "$(TARGET_NAME)";
				SUPPORTED_PLATFORMS = "iphoneos iphonesimulator";
				SUPPORTS_MACCATALYST = NO;
				SUPPORTS_MAC_DESIGNED_FOR_IPHONE_IPAD = NO;
				SUPPORTS_XR_DESIGNED_FOR_IPHONE_IPAD = NO;
				SWIFT_EMIT_LOC_STRINGS = YES;
				SWIFT_VERSION = 5.0;
				TARGETED_DEVICE_FAMILY = 1;
			};
			name = Release;
		};
/* End XCBuildConfiguration section */

/* Begin XCConfigurationList section */
		AB03164A2CCF8F380064DD7A /* Build configuration list for PBXProject "LiveImage" */ = {
			isa = XCConfigurationList;
			buildConfigurations = (
				AB0316612CCF8F3A0064DD7A /* Debug */,
				AB0316622CCF8F3A0064DD7A /* Release */,
			);
			defaultConfigurationIsVisible = 0;
			defaultConfigurationName = Release;
		};
		AB0316632CCF8F3A0064DD7A /* Build configuration list for PBXNativeTarget "LiveImage" */ = {
			isa = XCConfigurationList;
			buildConfigurations = (
				AB0316642CCF8F3A0064DD7A /* Debug */,
				AB0316652CCF8F3A0064DD7A /* Release */,
			);
			defaultConfigurationIsVisible = 0;
			defaultConfigurationName = Release;
		};
/* End XCConfigurationList section */
	};
	rootObject = AB0316472CCF8F380064DD7A /* Project object */;
}
